PODS:
  - JKUIHelper (0.1.4):
    - JKUIHelper/JKHitTest (= 0.1.4)
    - JKUIHelper/JKRoundCorner (= 0.1.4)
    - JKUIHelper/JKShadow (= 0.1.4)
    - JKUIHelper/JKTextView (= 0.1.4)
  - JKUIHelper/JKHitTest (0.1.4)
  - JKUIHelper/JKRoundCorner (0.1.4)
  - JKUIHelper/JKShadow (0.1.4)
  - JKUIHelper/JKTextView (0.1.4)
  - Kiwi (2.4.0)
  - MJRefresh (3.1.15.3)

DEPENDENCIES:
  - JKUIHelper (from `../`)
  - Kiwi
  - MJRefresh

SPEC REPOS:
  https://github.com/CocoaPods/Specs.git:
    - Kiwi
    - MJRefresh

EXTERNAL SOURCES:
  JKUIHelper:
    :path: "../"

SPEC CHECKSUMS:
  JKUIHelper: 378348076e5ca29c59d0db27ec66ddc3eae42159
  Kiwi: f49c9d54b28917df5928fe44968a39ed198cb8a8
  MJRefresh: b48380ae2b927b46c4ef000de9adb8dc748e1df7

PODFILE CHECKSUM: 098361fbdb0970c71163fd00a6094051b2153a72

COCOAPODS: 1.5.0
