PODS:
  - JKUIHelper (0.1.2):
    - JKUIHelper/JKHitTest (= 0.1.2)
    - JKUIHelper/JKRoundCorner (= 0.1.2)
    - JKUIHelper/JKShadow (= 0.1.2)
    - JKUIHelper/JKTextView (= 0.1.2)
  - JKUIHelper/JKHitTest (0.1.2)
  - JKUIHelper/JKRoundCorner (0.1.2)
  - JKUIHelper/JKShadow (0.1.2)
  - JKUIHelper/JKTextView (0.1.2)
  - Kiwi (2.4.0)

DEPENDENCIES:
  - JKUIHelper (from `../`)
  - Kiwi

SPEC REPOS:
  https://github.com/CocoaPods/Specs.git:
    - Kiwi

EXTERNAL SOURCES:
  JKUIHelper:
    :path: "../"

SPEC CHECKSUMS:
  JKUIHelper: 5ee45a2e1736c2116a34598e29329ca67443d564
  Kiwi: f49c9d54b28917df5928fe44968a39ed198cb8a8

PODFILE CHECKSUM: 5afc3d2770655cc85083122288a64ad6ae713ecc

COCOAPODS: 1.5.0
